
Microsoft Visual Studio Solution File, Format Version 12.00
# Visual Studio 15
VisualStudioVersion = 15.0.28307.902
MinimumVisualStudioVersion = 10.0.40219.1
Project("{FAE04EC0-301F-11D3-BF4B-00C04F79EFBC}") = "DropboxDemo", "DropboxDemo\DropboxDemo.csproj", "{37C825DF-3C8F-407A-98EE-7D3223F81CCC}"
EndProject
Global
	GlobalSection(SolutionConfigurationPlatforms) = preSolution
		Debug|Any CPU = Debug|Any CPU
		Release|Any CPU = Release|Any CPU
	EndGlobalSection
	GlobalSection(ProjectConfigurationPlatforms) = postSolution
		{37C825DF-3C8F-407A-98EE-7D3223F81CCC}.Debug|Any CPU.ActiveCfg = Debug|Any CPU
		{37C825DF-3C8F-407A-98EE-7D3223F81CCC}.Debug|Any CPU.Build.0 = Debug|Any CPU
		{37C825DF-3C8F-407A-98EE-7D3223F81CCC}.Release|Any CPU.ActiveCfg = Release|Any CPU
		{37C825DF-3C8F-407A-98EE-7D3223F81CCC}.Release|Any CPU.Build.0 = Release|Any CPU
	EndGlobalSection
	GlobalSection(SolutionProperties) = preSolution
		HideSolutionNode = FALSE
	EndGlobalSection
	GlobalSection(ExtensibilityGlobals) = postSolution
		SolutionGuid = {46C7AA3A-37F4-42AB-AE69-58F54FC8F64D}
	EndGlobalSection
EndGlobal
